
Microsoft Visual Studio Solution File, Format Version 12.00
# Visual Studio Version 17
VisualStudioVersion = 17.14.36518.9 d17.14
MinimumVisualStudioVersion = 10.0.40219.1
Project("{FAE04EC0-301F-11D3-BF4B-00C04F79EFBC}") = "VirusYapıcı", "VirusOdev\VirusYapıcı.csproj", "{472C55B6-7990-405B-9278-E2F2D7ED5CD6}"
EndProject
Project("{FAE04EC0-301F-11D3-BF4B-00C04F79EFBC}") = "AntiVirus", "AntiVirus\AntiVirus.csproj", "{20760395-B742-4AE7-B3F2-E99B338D4C48}"
EndProject
Global
	GlobalSection(SolutionConfigurationPlatforms) = preSolution
		Debug|Any CPU = Debug|Any CPU
		Release|Any CPU = Release|Any CPU
	EndGlobalSection
	GlobalSection(ProjectConfigurationPlatforms) = postSolution
		{472C55B6-7990-405B-9278-E2F2D7ED5CD6}.Debug|Any CPU.ActiveCfg = Debug|Any CPU
		{472C55B6-7990-405B-9278-E2F2D7ED5CD6}.Debug|Any CPU.Build.0 = Debug|Any CPU
		{472C55B6-7990-405B-9278-E2F2D7ED5CD6}.Release|Any CPU.ActiveCfg = Release|Any CPU
		{472C55B6-7990-405B-9278-E2F2D7ED5CD6}.Release|Any CPU.Build.0 = Release|Any CPU
		{20760395-B742-4AE7-B3F2-E99B338D4C48}.Debug|Any CPU.ActiveCfg = Debug|Any CPU
		{20760395-B742-4AE7-B3F2-E99B338D4C48}.Debug|Any CPU.Build.0 = Debug|Any CPU
		{20760395-B742-4AE7-B3F2-E99B338D4C48}.Release|Any CPU.ActiveCfg = Release|Any CPU
		{20760395-B742-4AE7-B3F2-E99B338D4C48}.Release|Any CPU.Build.0 = Release|Any CPU
	EndGlobalSection
	GlobalSection(SolutionProperties) = preSolution
		HideSolutionNode = FALSE
	EndGlobalSection
	GlobalSection(ExtensibilityGlobals) = postSolution
		SolutionGuid = {472D90B1-50F3-4EF5-9980-522B1B7A10CE}
	EndGlobalSection
EndGlobal
